{
  "name": "umbrel-lnd",
  "version": "1.0.3",
  "lockfileVersion": 2,
  "requires": true,
  "packages": {
    "": {
      "name": "umbrel-lnd",
      "version": "1.0.3",
      "workspaces": [
        "apps/*"
      ]
    },
    "apps/backend": {
      "name": "umbrel-lnd-backend",
      "version": "1.0.0",
      "extraneous": true,
      "dependencies": {
        "aezeed": "^0.0.5",
        "axios": "^0.26.1",
        "big.js": "^6.1.1",
        "bitcoind-rpc": "^0.9.1",
        "camelize-keys": "^1.0.0",
        "continuation-local-storage": "^3.2.1",
        "cors": "^2.8.5",
        "dotenv": "^16.0.0",
        "express": "^4.17.3",
        "find-config": "^1.0.0",
        "get-stream": "^6.0.1",
        "grpc": "^1.24.11",
        "lndconnect": "^0.2.10",
        "module-alias": "^2.2.2",
        "morgan": "^1.10.0",
        "openpgp": "^5.4.0",
        "socks-proxy-agent": "^5.0.0",
        "tar-stream": "^2.2.0",
        "uuid": "^8.3.2",
        "validator": "^13.7.0",
        "winston": "^3.6.0",
        "winston-daily-rotate-file": "^4.6.1"
      }
    },
    "apps/frontend": {
      "name": "umbrel-lnd-frontend",
      "version": "1.0.0",
      "extraneous": true,
      "dependencies": {
        "autoprefixer": "^9.8.8",
        "axios": "^0.19.2",
        "bignumber.js": "^9.0.0",
        "bootstrap-vue": "^2.11.0",
        "countup.js": "^2.0.8",
        "install": "^0.13.0",
        "lndconnect": "^0.2.10",
        "moment": "^2.29.1",
        "npm": "^8.5.4",
        "qrcode.vue": "^1.7.0",
        "vue": "^2.6.10",
        "vue-confetti": "^2.3.0",
        "vue-router": "^3.1.3",
        "vue-slider-component": "^3.1.2",
        "vuex": "^3.1.2"
      },
      "devDependencies": {
        "@vue/cli-plugin-babel": "^4.1.0",
        "@vue/cli-plugin-eslint": "^4.1.0",
        "@vue/cli-plugin-router": "^4.1.0",
        "@vue/cli-plugin-vuex": "^4.1.0",
        "@vue/cli-service": "^4.1.0",
        "@vue/eslint-config-prettier": "^5.0.0",
        "babel-eslint": "^10.0.3",
        "eslint": "^5.16.0",
        "eslint-plugin-prettier": "^3.1.1",
        "eslint-plugin-vue": "^5.0.0",
        "prettier": "^1.19.1",
        "sass": "^1.23.7",
        "sass-loader": "^8.0.0",
        "vue-template-compiler": "^2.6.10"
      }
    }
  }
}
